
Microsoft Visual Studio Solution File, Format Version 12.00
# Visual Studio Version 16
VisualStudioVersion = 16.0.30907.101
MinimumVisualStudioVersion = 10.0.40219.1
Project("{FAE04EC0-301F-11D3-BF4B-00C04F79EFBC}") = "JSCodingStudy", "JSCodingStudy\JSCodingStudy.csproj", "{EEEF0B93-0329-4281-A11C-79698E88968A}"
EndProject
Global
	GlobalSection(SolutionConfigurationPlatforms) = preSolution
		Debug|Any CPU = Debug|Any CPU
		Release|Any CPU = Release|Any CPU
	EndGlobalSection
	GlobalSection(ProjectConfigurationPlatforms) = postSolution
		{EEEF0B93-0329-4281-A11C-79698E88968A}.Debug|Any CPU.ActiveCfg = Debug|Any CPU
		{EEEF0B93-0329-4281-A11C-79698E88968A}.Debug|Any CPU.Build.0 = Debug|Any CPU
		{EEEF0B93-0329-4281-A11C-79698E88968A}.Release|Any CPU.ActiveCfg = Release|Any CPU
		{EEEF0B93-0329-4281-A11C-79698E88968A}.Release|Any CPU.Build.0 = Release|Any CPU
	EndGlobalSection
	GlobalSection(SolutionProperties) = preSolution
		HideSolutionNode = FALSE
	EndGlobalSection
	GlobalSection(ExtensibilityGlobals) = postSolution
		SolutionGuid = {3774AE57-10B4-4A34-A48A-78242C800F0E}
	EndGlobalSection
EndGlobal
