
Microsoft Visual Studio Solution File, Format Version 12.00
# Visual Studio Version 16
VisualStudioVersion = 16.0.30907.101
MinimumVisualStudioVersion = 10.0.40219.1
Project("{FAE04EC0-301F-11D3-BF4B-00C04F79EFBC}") = "JSCodingStudy", "JSCodingStudy\JSCodingStudy.csproj", "{EEEF0B93-0329-4281-A11C-79698E88968A}"
EndProject
Project("{2150E333-8FDC-42A3-9474-1A3956D46DE8}") = "PL", "PL", "{2F3A3C80-A2E4-4E68-B3F4-CA6FF5150C7B}"
EndProject
Project("{2150E333-8FDC-42A3-9474-1A3956D46DE8}") = "Common", "Common", "{26606196-5653-4DC3-AFF9-C5275BB9381F}"
EndProject
Project("{2150E333-8FDC-42A3-9474-1A3956D46DE8}") = "BLL", "BLL", "{D086F1C4-F5E6-4941-AED2-E4D72F5AB046}"
EndProject
Project("{FAE04EC0-301F-11D3-BF4B-00C04F79EFBC}") = "JSCodingStudy.LogicInterfaces", "JSCodingStudy.LogicInterfaces\JSCodingStudy.LogicInterfaces.csproj", "{B1961D58-D3E4-40AB-A929-C7B04D75A6A7}"
EndProject
Project("{2150E333-8FDC-42A3-9474-1A3956D46DE8}") = "DAL", "DAL", "{B9F96097-5F48-463F-B4CF-724EC9957DE6}"
EndProject
Project("{FAE04EC0-301F-11D3-BF4B-00C04F79EFBC}") = "JSCodingStudy.DALInterfaces", "JSCodingStudy.DALInterfaces\JSCodingStudy.DALInterfaces.csproj", "{C63AD8DC-2BA1-467D-BD86-EE19F80ED8BC}"
EndProject
Project("{FAE04EC0-301F-11D3-BF4B-00C04F79EFBC}") = "JSCodingStudy.UserEntities", "JSCodingStudy.UserEntities\JSCodingStudy.UserEntities.csproj", "{8D548A19-7796-42A6-B77E-E84EB364C249}"
EndProject
Project("{FAE04EC0-301F-11D3-BF4B-00C04F79EFBC}") = "JSCodingStudy.LessonsEntities", "JSCodingStudy.LessonsEntities\JSCodingStudy.LessonsEntities.csproj", "{A1A852A3-2C88-4149-B66F-5B6DFD0FB6FB}"
EndProject
Project("{FAE04EC0-301F-11D3-BF4B-00C04F79EFBC}") = "JSCodingStudy.MemoryDAL", "JSCodingStudy.MemoryDAL\JSCodingStudy.MemoryDAL.csproj", "{A40B2D50-776A-4281-8294-87217A54CA7A}"
EndProject
Project("{FAE04EC0-301F-11D3-BF4B-00C04F79EFBC}") = "JSCodingStudy.CoreLogic", "JSCodingStudy.CoreLogic\JSCodingStudy.CoreLogic.csproj", "{492D0CCC-DD6D-48CB-A412-D65A5A1EBCEE}"
EndProject
Project("{FAE04EC0-301F-11D3-BF4B-00C04F79EFBC}") = "JSCodingStudy.NinjectConfig", "JSCodingStudy.NinjectConfig\JSCodingStudy.NinjectConfig.csproj", "{5AD37DDA-D189-4223-B896-6703B632717E}"
EndProject
Project("{FAE04EC0-301F-11D3-BF4B-00C04F79EFBC}") = "JSCodingStudy.SqlTools", "JSCodingStudy.SqlTools\JSCodingStudy.SqlTools.csproj", "{69516E02-B170-4F7E-A5DB-72C7C5D58F88}"
EndProject
Project("{FAE04EC0-301F-11D3-BF4B-00C04F79EFBC}") = "JSCodingStudy.SqlDAL", "JSCodingStudy.SqlDAL\JSCodingStudy.SqlDAL.csproj", "{539279E0-CC53-4621-8251-2915C3757203}"
EndProject
Global
	GlobalSection(SolutionConfigurationPlatforms) = preSolution
		Debug|Any CPU = Debug|Any CPU
		Release|Any CPU = Release|Any CPU
	EndGlobalSection
	GlobalSection(ProjectConfigurationPlatforms) = postSolution
		{EEEF0B93-0329-4281-A11C-79698E88968A}.Debug|Any CPU.ActiveCfg = Debug|Any CPU
		{EEEF0B93-0329-4281-A11C-79698E88968A}.Debug|Any CPU.Build.0 = Debug|Any CPU
		{EEEF0B93-0329-4281-A11C-79698E88968A}.Release|Any CPU.ActiveCfg = Release|Any CPU
		{EEEF0B93-0329-4281-A11C-79698E88968A}.Release|Any CPU.Build.0 = Release|Any CPU
		{B1961D58-D3E4-40AB-A929-C7B04D75A6A7}.Debug|Any CPU.ActiveCfg = Debug|Any CPU
		{B1961D58-D3E4-40AB-A929-C7B04D75A6A7}.Debug|Any CPU.Build.0 = Debug|Any CPU
		{B1961D58-D3E4-40AB-A929-C7B04D75A6A7}.Release|Any CPU.ActiveCfg = Release|Any CPU
		{B1961D58-D3E4-40AB-A929-C7B04D75A6A7}.Release|Any CPU.Build.0 = Release|Any CPU
		{C63AD8DC-2BA1-467D-BD86-EE19F80ED8BC}.Debug|Any CPU.ActiveCfg = Debug|Any CPU
		{C63AD8DC-2BA1-467D-BD86-EE19F80ED8BC}.Debug|Any CPU.Build.0 = Debug|Any CPU
		{C63AD8DC-2BA1-467D-BD86-EE19F80ED8BC}.Release|Any CPU.ActiveCfg = Release|Any CPU
		{C63AD8DC-2BA1-467D-BD86-EE19F80ED8BC}.Release|Any CPU.Build.0 = Release|Any CPU
		{8D548A19-7796-42A6-B77E-E84EB364C249}.Debug|Any CPU.ActiveCfg = Debug|Any CPU
		{8D548A19-7796-42A6-B77E-E84EB364C249}.Debug|Any CPU.Build.0 = Debug|Any CPU
		{8D548A19-7796-42A6-B77E-E84EB364C249}.Release|Any CPU.ActiveCfg = Release|Any CPU
		{8D548A19-7796-42A6-B77E-E84EB364C249}.Release|Any CPU.Build.0 = Release|Any CPU
		{A1A852A3-2C88-4149-B66F-5B6DFD0FB6FB}.Debug|Any CPU.ActiveCfg = Debug|Any CPU
		{A1A852A3-2C88-4149-B66F-5B6DFD0FB6FB}.Debug|Any CPU.Build.0 = Debug|Any CPU
		{A1A852A3-2C88-4149-B66F-5B6DFD0FB6FB}.Release|Any CPU.ActiveCfg = Release|Any CPU
		{A1A852A3-2C88-4149-B66F-5B6DFD0FB6FB}.Release|Any CPU.Build.0 = Release|Any CPU
		{A40B2D50-776A-4281-8294-87217A54CA7A}.Debug|Any CPU.ActiveCfg = Debug|Any CPU
		{A40B2D50-776A-4281-8294-87217A54CA7A}.Debug|Any CPU.Build.0 = Debug|Any CPU
		{A40B2D50-776A-4281-8294-87217A54CA7A}.Release|Any CPU.ActiveCfg = Release|Any CPU
		{A40B2D50-776A-4281-8294-87217A54CA7A}.Release|Any CPU.Build.0 = Release|Any CPU
		{492D0CCC-DD6D-48CB-A412-D65A5A1EBCEE}.Debug|Any CPU.ActiveCfg = Debug|Any CPU
		{492D0CCC-DD6D-48CB-A412-D65A5A1EBCEE}.Debug|Any CPU.Build.0 = Debug|Any CPU
		{492D0CCC-DD6D-48CB-A412-D65A5A1EBCEE}.Release|Any CPU.ActiveCfg = Release|Any CPU
		{492D0CCC-DD6D-48CB-A412-D65A5A1EBCEE}.Release|Any CPU.Build.0 = Release|Any CPU
		{5AD37DDA-D189-4223-B896-6703B632717E}.Debug|Any CPU.ActiveCfg = Debug|Any CPU
		{5AD37DDA-D189-4223-B896-6703B632717E}.Debug|Any CPU.Build.0 = Debug|Any CPU
		{5AD37DDA-D189-4223-B896-6703B632717E}.Release|Any CPU.ActiveCfg = Release|Any CPU
		{5AD37DDA-D189-4223-B896-6703B632717E}.Release|Any CPU.Build.0 = Release|Any CPU
		{69516E02-B170-4F7E-A5DB-72C7C5D58F88}.Debug|Any CPU.ActiveCfg = Debug|Any CPU
		{69516E02-B170-4F7E-A5DB-72C7C5D58F88}.Debug|Any CPU.Build.0 = Debug|Any CPU
		{69516E02-B170-4F7E-A5DB-72C7C5D58F88}.Release|Any CPU.ActiveCfg = Release|Any CPU
		{69516E02-B170-4F7E-A5DB-72C7C5D58F88}.Release|Any CPU.Build.0 = Release|Any CPU
		{539279E0-CC53-4621-8251-2915C3757203}.Debug|Any CPU.ActiveCfg = Debug|Any CPU
		{539279E0-CC53-4621-8251-2915C3757203}.Debug|Any CPU.Build.0 = Debug|Any CPU
		{539279E0-CC53-4621-8251-2915C3757203}.Release|Any CPU.ActiveCfg = Release|Any CPU
		{539279E0-CC53-4621-8251-2915C3757203}.Release|Any CPU.Build.0 = Release|Any CPU
	EndGlobalSection
	GlobalSection(SolutionProperties) = preSolution
		HideSolutionNode = FALSE
	EndGlobalSection
	GlobalSection(NestedProjects) = preSolution
		{EEEF0B93-0329-4281-A11C-79698E88968A} = {2F3A3C80-A2E4-4E68-B3F4-CA6FF5150C7B}
		{B1961D58-D3E4-40AB-A929-C7B04D75A6A7} = {D086F1C4-F5E6-4941-AED2-E4D72F5AB046}
		{C63AD8DC-2BA1-467D-BD86-EE19F80ED8BC} = {B9F96097-5F48-463F-B4CF-724EC9957DE6}
		{8D548A19-7796-42A6-B77E-E84EB364C249} = {26606196-5653-4DC3-AFF9-C5275BB9381F}
		{A1A852A3-2C88-4149-B66F-5B6DFD0FB6FB} = {26606196-5653-4DC3-AFF9-C5275BB9381F}
		{A40B2D50-776A-4281-8294-87217A54CA7A} = {B9F96097-5F48-463F-B4CF-724EC9957DE6}
		{492D0CCC-DD6D-48CB-A412-D65A5A1EBCEE} = {D086F1C4-F5E6-4941-AED2-E4D72F5AB046}
		{5AD37DDA-D189-4223-B896-6703B632717E} = {26606196-5653-4DC3-AFF9-C5275BB9381F}
		{69516E02-B170-4F7E-A5DB-72C7C5D58F88} = {B9F96097-5F48-463F-B4CF-724EC9957DE6}
		{539279E0-CC53-4621-8251-2915C3757203} = {B9F96097-5F48-463F-B4CF-724EC9957DE6}
	EndGlobalSection
	GlobalSection(ExtensibilityGlobals) = postSolution
		SolutionGuid = {3774AE57-10B4-4A34-A48A-78242C800F0E}
	EndGlobalSection
EndGlobal
